
Microsoft Visual Studio Solution File, Format Version 12.00
# Visual Studio Version 17
VisualStudioVersion = 17.11.35208.52
MinimumVisualStudioVersion = 10.0.40219.1
Project("{FAE04EC0-301F-11D3-BF4B-00C04F79EFBC}") = "CSharpConcepts", "CSharpConcepts.csproj", "{E1F81025-EE30-473B-A7FB-EB73589EEAB9}"
EndProject
Global
	GlobalSection(SolutionConfigurationPlatforms) = preSolution
		Debug|Any CPU = Debug|Any CPU
		Release|Any CPU = Release|Any CPU
	EndGlobalSection
	GlobalSection(ProjectConfigurationPlatforms) = postSolution
		{E1F81025-EE30-473B-A7FB-EB73589EEAB9}.Debug|Any CPU.ActiveCfg = Debug|Any CPU
		{E1F81025-EE30-473B-A7FB-EB73589EEAB9}.Debug|Any CPU.Build.0 = Debug|Any CPU
		{E1F81025-EE30-473B-A7FB-EB73589EEAB9}.Release|Any CPU.ActiveCfg = Release|Any CPU
		{E1F81025-EE30-473B-A7FB-EB73589EEAB9}.Release|Any CPU.Build.0 = Release|Any CPU
	EndGlobalSection
	GlobalSection(SolutionProperties) = preSolution
		HideSolutionNode = FALSE
	EndGlobalSection
	GlobalSection(ExtensibilityGlobals) = postSolution
		SolutionGuid = {98327515-97F3-457C-A689-E6BA52F52A45}
	EndGlobalSection
EndGlobal
